
Microsoft Visual Studio Solution File, Format Version 12.00
# Visual Studio 15
VisualStudioVersion = 15.0.28307.168
MinimumVisualStudioVersion = 10.0.40219.1
Project("{9A19103F-16F7-4668-BE54-9A1E7A4F7556}") = "Guid.Api", "Guid.Api\Guid.Api.csproj", "{75993C47-7217-4107-A5F4-0CB8E9923574}"
EndProject
Project("{9A19103F-16F7-4668-BE54-9A1E7A4F7556}") = "Api.Common", "..\Api.Common\Api.Common\Api.Common.csproj", "{0080C48D-5A23-4A6B-859E-E766D88B460B}"
EndProject
Project("{9A19103F-16F7-4668-BE54-9A1E7A4F7556}") = "Guid.Api.Test", "Guid.Api.Test\Guid.Api.Test.csproj", "{55DCC409-281B-4BF7-8B99-9F36EB2734C4}"
EndProject
Project("{9A19103F-16F7-4668-BE54-9A1E7A4F7556}") = "Guid.Api.Driver", "Guid.Api.Driver\Guid.Api.Driver.csproj", "{A522F3D9-8378-400D-9E23-A072EA965FDF}"
EndProject
Global
	GlobalSection(SolutionConfigurationPlatforms) = preSolution
		Debug|Any CPU = Debug|Any CPU
		Release|Any CPU = Release|Any CPU
	EndGlobalSection
	GlobalSection(ProjectConfigurationPlatforms) = postSolution
		{75993C47-7217-4107-A5F4-0CB8E9923574}.Debug|Any CPU.ActiveCfg = Debug|Any CPU
		{75993C47-7217-4107-A5F4-0CB8E9923574}.Debug|Any CPU.Build.0 = Debug|Any CPU
		{75993C47-7217-4107-A5F4-0CB8E9923574}.Release|Any CPU.ActiveCfg = Release|Any CPU
		{75993C47-7217-4107-A5F4-0CB8E9923574}.Release|Any CPU.Build.0 = Release|Any CPU
		{0080C48D-5A23-4A6B-859E-E766D88B460B}.Debug|Any CPU.ActiveCfg = Debug|Any CPU
		{0080C48D-5A23-4A6B-859E-E766D88B460B}.Debug|Any CPU.Build.0 = Debug|Any CPU
		{0080C48D-5A23-4A6B-859E-E766D88B460B}.Release|Any CPU.ActiveCfg = Release|Any CPU
		{0080C48D-5A23-4A6B-859E-E766D88B460B}.Release|Any CPU.Build.0 = Release|Any CPU
		{55DCC409-281B-4BF7-8B99-9F36EB2734C4}.Debug|Any CPU.ActiveCfg = Debug|Any CPU
		{55DCC409-281B-4BF7-8B99-9F36EB2734C4}.Debug|Any CPU.Build.0 = Debug|Any CPU
		{55DCC409-281B-4BF7-8B99-9F36EB2734C4}.Release|Any CPU.ActiveCfg = Release|Any CPU
		{55DCC409-281B-4BF7-8B99-9F36EB2734C4}.Release|Any CPU.Build.0 = Release|Any CPU
		{A522F3D9-8378-400D-9E23-A072EA965FDF}.Debug|Any CPU.ActiveCfg = Debug|Any CPU
		{A522F3D9-8378-400D-9E23-A072EA965FDF}.Debug|Any CPU.Build.0 = Debug|Any CPU
		{A522F3D9-8378-400D-9E23-A072EA965FDF}.Release|Any CPU.ActiveCfg = Release|Any CPU
		{A522F3D9-8378-400D-9E23-A072EA965FDF}.Release|Any CPU.Build.0 = Release|Any CPU
	EndGlobalSection
	GlobalSection(SolutionProperties) = preSolution
		HideSolutionNode = FALSE
	EndGlobalSection
	GlobalSection(ExtensibilityGlobals) = postSolution
		SolutionGuid = {F4947495-49E7-49D4-BC22-CEB0C4CE4F69}
	EndGlobalSection
EndGlobal
